
Microsoft Visual Studio Solution File, Format Version 12.00
# Visual Studio 15
VisualStudioVersion = 15.0.27428.2002
MinimumVisualStudioVersion = 10.0.40219.1
Project("{FAE04EC0-301F-11D3-BF4B-00C04F79EFBC}") = "MineSweeperClient", "MineSweeperClient\MineSweeperClient.csproj", "{84F25731-B988-4254-8D5E-B7A0DB71ADA3}"
EndProject
Global
	GlobalSection(SolutionConfigurationPlatforms) = preSolution
		Debug|Any CPU = Debug|Any CPU
		Release|Any CPU = Release|Any CPU
	EndGlobalSection
	GlobalSection(ProjectConfigurationPlatforms) = postSolution
		{84F25731-B988-4254-8D5E-B7A0DB71ADA3}.Debug|Any CPU.ActiveCfg = Debug|Any CPU
		{84F25731-B988-4254-8D5E-B7A0DB71ADA3}.Debug|Any CPU.Build.0 = Debug|Any CPU
		{84F25731-B988-4254-8D5E-B7A0DB71ADA3}.Release|Any CPU.ActiveCfg = Release|Any CPU
		{84F25731-B988-4254-8D5E-B7A0DB71ADA3}.Release|Any CPU.Build.0 = Release|Any CPU
	EndGlobalSection
	GlobalSection(SolutionProperties) = preSolution
		HideSolutionNode = FALSE
	EndGlobalSection
	GlobalSection(ExtensibilityGlobals) = postSolution
		SolutionGuid = {0FF1B0A6-E7CB-4ABF-B2D0-1D6BBE13A15B}
	EndGlobalSection
EndGlobal
